
Microsoft Visual Studio Solution File, Format Version 12.00
# Visual Studio Version 17
VisualStudioVersion = 17.8.34309.116
MinimumVisualStudioVersion = 10.0.40219.1
Project("{FAE04EC0-301F-11D3-BF4B-00C04F79EFBC}") = "PasswordHashApp", "PasswordHashApp\PasswordHashApp.csproj", "{AACC4DDC-642C-4D2F-BD1F-AAA86BA5FD87}"
EndProject
Global
	GlobalSection(SolutionConfigurationPlatforms) = preSolution
		Debug|Any CPU = Debug|Any CPU
		Release|Any CPU = Release|Any CPU
	EndGlobalSection
	GlobalSection(ProjectConfigurationPlatforms) = postSolution
		{AACC4DDC-642C-4D2F-BD1F-AAA86BA5FD87}.Debug|Any CPU.ActiveCfg = Debug|Any CPU
		{AACC4DDC-642C-4D2F-BD1F-AAA86BA5FD87}.Debug|Any CPU.Build.0 = Debug|Any CPU
		{AACC4DDC-642C-4D2F-BD1F-AAA86BA5FD87}.Release|Any CPU.ActiveCfg = Release|Any CPU
		{AACC4DDC-642C-4D2F-BD1F-AAA86BA5FD87}.Release|Any CPU.Build.0 = Release|Any CPU
	EndGlobalSection
	GlobalSection(SolutionProperties) = preSolution
		HideSolutionNode = FALSE
	EndGlobalSection
	GlobalSection(ExtensibilityGlobals) = postSolution
		SolutionGuid = {FABA5052-AA23-4A2D-A238-A837C2681C5C}
	EndGlobalSection
EndGlobal
